
Microsoft Visual Studio Solution File, Format Version 12.00
# Visual Studio 2012
Project("{FAE04EC0-301F-11D3-BF4B-00C04F79EFBC}") = "PD_1_1", "PD_1_1\PD_1_1.csproj", "{9EBCCB27-E575-402B-8FDB-FE3258238777}"
EndProject
Global
	GlobalSection(SolutionConfigurationPlatforms) = preSolution
		Debug|Any CPU = Debug|Any CPU
		Release|Any CPU = Release|Any CPU
	EndGlobalSection
	GlobalSection(ProjectConfigurationPlatforms) = postSolution
		{9EBCCB27-E575-402B-8FDB-FE3258238777}.Debug|Any CPU.ActiveCfg = Debug|Any CPU
		{9EBCCB27-E575-402B-8FDB-FE3258238777}.Debug|Any CPU.Build.0 = Debug|Any CPU
		{9EBCCB27-E575-402B-8FDB-FE3258238777}.Release|Any CPU.ActiveCfg = Release|Any CPU
		{9EBCCB27-E575-402B-8FDB-FE3258238777}.Release|Any CPU.Build.0 = Release|Any CPU
	EndGlobalSection
EndGlobal
